
Microsoft Visual Studio Solution File, Format Version 12.00
# Visual Studio Version 16
VisualStudioVersion = 16.0.31727.386
MinimumVisualStudioVersion = 10.0.40219.1
Project("{2150E333-8FDC-42A3-9474-1A3956D46DE8}") = "Services", "Services", "{70892988-5993-4430-9D59-8A3753570509}"
EndProject
Project("{2150E333-8FDC-42A3-9474-1A3956D46DE8}") = "Catalog", "Catalog", "{DF326CF1-8D8C-4E08-A3BF-B7E4F3C22836}"
EndProject
Project("{9A19103F-16F7-4668-BE54-9A1E7A4F7556}") = "Catalog.API", "Services\Catalog\Catalog.API\Catalog.API.csproj", "{3052C342-3D38-46EA-8BC0-B635318C5295}"
EndProject
Project("{2150E333-8FDC-42A3-9474-1A3956D46DE8}") = "Solution Items", "Solution Items", "{4507632C-0713-42B1-807B-78E762884707}"
	ProjectSection(SolutionItems) = preProject
		TextFile1.txt = TextFile1.txt
	EndProjectSection
EndProject
Project("{E53339B2-1760-4266-BCC7-CA923CBCF16C}") = "docker-compose", "docker-compose.dcproj", "{8955BC40-5D78-4F05-85CD-5B7041B28DE0}"
EndProject
Project("{2150E333-8FDC-42A3-9474-1A3956D46DE8}") = "Basket", "Basket", "{FBC42E10-D250-477F-A56E-87B99C913F72}"
EndProject
Project("{9A19103F-16F7-4668-BE54-9A1E7A4F7556}") = "Basket.API", "Services\Basket\Basket.API\Basket.API.csproj", "{BCACACC7-CCFF-4E94-9B6F-39A3CD44F01D}"
EndProject
Project("{2150E333-8FDC-42A3-9474-1A3956D46DE8}") = "Discount", "Discount", "{A11581B2-EA72-4115-9836-A7AFDFC44641}"
EndProject
Project("{FAE04EC0-301F-11D3-BF4B-00C04F79EFBC}") = "Discount.API", "Services\Discount\Discount.API\Discount.API.csproj", "{A473195F-9412-48BB-AEDD-E51F5B495288}"
EndProject
Project("{FAE04EC0-301F-11D3-BF4B-00C04F79EFBC}") = "Discount.Grpc", "Services\Discount\Discount.Grpc\Discount.Grpc.csproj", "{7DCB7E23-9F3B-49E6-8B34-23D915E7D39E}"
EndProject
Global
	GlobalSection(SolutionConfigurationPlatforms) = preSolution
		Debug|Any CPU = Debug|Any CPU
		Release|Any CPU = Release|Any CPU
	EndGlobalSection
	GlobalSection(ProjectConfigurationPlatforms) = postSolution
		{3052C342-3D38-46EA-8BC0-B635318C5295}.Debug|Any CPU.ActiveCfg = Debug|Any CPU
		{3052C342-3D38-46EA-8BC0-B635318C5295}.Debug|Any CPU.Build.0 = Debug|Any CPU
		{3052C342-3D38-46EA-8BC0-B635318C5295}.Release|Any CPU.ActiveCfg = Release|Any CPU
		{3052C342-3D38-46EA-8BC0-B635318C5295}.Release|Any CPU.Build.0 = Release|Any CPU
		{8955BC40-5D78-4F05-85CD-5B7041B28DE0}.Debug|Any CPU.ActiveCfg = Debug|Any CPU
		{8955BC40-5D78-4F05-85CD-5B7041B28DE0}.Debug|Any CPU.Build.0 = Debug|Any CPU
		{8955BC40-5D78-4F05-85CD-5B7041B28DE0}.Release|Any CPU.ActiveCfg = Release|Any CPU
		{8955BC40-5D78-4F05-85CD-5B7041B28DE0}.Release|Any CPU.Build.0 = Release|Any CPU
		{BCACACC7-CCFF-4E94-9B6F-39A3CD44F01D}.Debug|Any CPU.ActiveCfg = Debug|Any CPU
		{BCACACC7-CCFF-4E94-9B6F-39A3CD44F01D}.Debug|Any CPU.Build.0 = Debug|Any CPU
		{BCACACC7-CCFF-4E94-9B6F-39A3CD44F01D}.Release|Any CPU.ActiveCfg = Release|Any CPU
		{BCACACC7-CCFF-4E94-9B6F-39A3CD44F01D}.Release|Any CPU.Build.0 = Release|Any CPU
		{A473195F-9412-48BB-AEDD-E51F5B495288}.Debug|Any CPU.ActiveCfg = Debug|Any CPU
		{A473195F-9412-48BB-AEDD-E51F5B495288}.Debug|Any CPU.Build.0 = Debug|Any CPU
		{A473195F-9412-48BB-AEDD-E51F5B495288}.Release|Any CPU.ActiveCfg = Release|Any CPU
		{A473195F-9412-48BB-AEDD-E51F5B495288}.Release|Any CPU.Build.0 = Release|Any CPU
		{7DCB7E23-9F3B-49E6-8B34-23D915E7D39E}.Debug|Any CPU.ActiveCfg = Debug|Any CPU
		{7DCB7E23-9F3B-49E6-8B34-23D915E7D39E}.Debug|Any CPU.Build.0 = Debug|Any CPU
		{7DCB7E23-9F3B-49E6-8B34-23D915E7D39E}.Release|Any CPU.ActiveCfg = Release|Any CPU
		{7DCB7E23-9F3B-49E6-8B34-23D915E7D39E}.Release|Any CPU.Build.0 = Release|Any CPU
	EndGlobalSection
	GlobalSection(SolutionProperties) = preSolution
		HideSolutionNode = FALSE
	EndGlobalSection
	GlobalSection(NestedProjects) = preSolution
		{DF326CF1-8D8C-4E08-A3BF-B7E4F3C22836} = {70892988-5993-4430-9D59-8A3753570509}
		{3052C342-3D38-46EA-8BC0-B635318C5295} = {DF326CF1-8D8C-4E08-A3BF-B7E4F3C22836}
		{FBC42E10-D250-477F-A56E-87B99C913F72} = {70892988-5993-4430-9D59-8A3753570509}
		{BCACACC7-CCFF-4E94-9B6F-39A3CD44F01D} = {FBC42E10-D250-477F-A56E-87B99C913F72}
		{A11581B2-EA72-4115-9836-A7AFDFC44641} = {70892988-5993-4430-9D59-8A3753570509}
		{A473195F-9412-48BB-AEDD-E51F5B495288} = {A11581B2-EA72-4115-9836-A7AFDFC44641}
		{7DCB7E23-9F3B-49E6-8B34-23D915E7D39E} = {A11581B2-EA72-4115-9836-A7AFDFC44641}
	EndGlobalSection
	GlobalSection(ExtensibilityGlobals) = postSolution
		SolutionGuid = {9FEDFC13-4F92-4460-A6CA-913E33BD862B}
	EndGlobalSection
EndGlobal
